Microsoft Visual Studio Solution File, Format Version 12.00
# Visual Studio Version 17
VisualStudioVersion = 17.5.2.0
MinimumVisualStudioVersion = 10.0.40219.1
Project("{FAE04EC0-301F-11D3-BF4B-00C04F79EFBC}") = "StuckOnSteven.Api", "backend-csharp\StuckOnSteven.Api.csproj", "{DEE6DA13-F7F9-AB64-E923-D5A5ACFF4ABC}"
EndProject
Global
	GlobalSection(SolutionConfigurationPlatforms) = preSolution
		Debug|Any CPU = Debug|Any CPU
		Release|Any CPU = Release|Any CPU
	EndGlobalSection
	GlobalSection(ProjectConfigurationPlatforms) = postSolution
		{DEE6DA13-F7F9-AB64-E923-D5A5ACFF4ABC}.Debug|Any CPU.ActiveCfg = Debug|Any CPU
		{DEE6DA13-F7F9-AB64-E923-D5A5ACFF4ABC}.Debug|Any CPU.Build.0 = Debug|Any CPU
		{DEE6DA13-F7F9-AB64-E923-D5A5ACFF4ABC}.Release|Any CPU.ActiveCfg = Release|Any CPU
		{DEE6DA13-F7F9-AB64-E923-D5A5ACFF4ABC}.Release|Any CPU.Build.0 = Release|Any CPU
	EndGlobalSection
	GlobalSection(SolutionProperties) = preSolution
		HideSolutionNode = FALSE
	EndGlobalSection
	GlobalSection(ExtensibilityGlobals) = postSolution
		SolutionGuid = {B3AE3506-0DB7-474C-862F-90AC5DAA2FE9}
	EndGlobalSection
EndGlobal
